
Microsoft Visual Studio Solution File, Format Version 12.00
# Visual Studio 15
VisualStudioVersion = 15.0.28307.1145
MinimumVisualStudioVersion = 10.0.40219.1
Project("{9A19103F-16F7-4668-BE54-9A1E7A4F7556}") = "DataConnector", "DataConnector\DataConnector.csproj", "{2B0C7B8A-2CBB-4B68-AD0F-73C90E0B6A4D}"
EndProject
Project("{2150E333-8FDC-42A3-9474-1A3956D46DE8}") = "Solution Items", "Solution Items", "{D93D27E8-BC2B-48A4-B773-5AC0EF15EEEE}"
	ProjectSection(SolutionItems) = preProject
		Readme.txt = Readme.txt
	EndProjectSection
EndProject
Project("{FAE04EC0-301F-11D3-BF4B-00C04F79EFBC}") = "Bludiste", "Bludiste\Bludiste.csproj", "{8DA21DFF-53BB-4CB2-87F2-F1E987DE35C9}"
EndProject
Global
	GlobalSection(SolutionConfigurationPlatforms) = preSolution
		Debug|Any CPU = Debug|Any CPU
		Release|Any CPU = Release|Any CPU
	EndGlobalSection
	GlobalSection(ProjectConfigurationPlatforms) = postSolution
		{2B0C7B8A-2CBB-4B68-AD0F-73C90E0B6A4D}.Debug|Any CPU.ActiveCfg = Debug|Any CPU
		{2B0C7B8A-2CBB-4B68-AD0F-73C90E0B6A4D}.Debug|Any CPU.Build.0 = Debug|Any CPU
		{2B0C7B8A-2CBB-4B68-AD0F-73C90E0B6A4D}.Release|Any CPU.ActiveCfg = Release|Any CPU
		{2B0C7B8A-2CBB-4B68-AD0F-73C90E0B6A4D}.Release|Any CPU.Build.0 = Release|Any CPU
		{8DA21DFF-53BB-4CB2-87F2-F1E987DE35C9}.Debug|Any CPU.ActiveCfg = Debug|Any CPU
		{8DA21DFF-53BB-4CB2-87F2-F1E987DE35C9}.Debug|Any CPU.Build.0 = Debug|Any CPU
		{8DA21DFF-53BB-4CB2-87F2-F1E987DE35C9}.Release|Any CPU.ActiveCfg = Release|Any CPU
		{8DA21DFF-53BB-4CB2-87F2-F1E987DE35C9}.Release|Any CPU.Build.0 = Release|Any CPU
	EndGlobalSection
	GlobalSection(SolutionProperties) = preSolution
		HideSolutionNode = FALSE
	EndGlobalSection
	GlobalSection(ExtensibilityGlobals) = postSolution
		SolutionGuid = {85FA57B1-0067-4EE4-9660-8138E872FAC1}
	EndGlobalSection
EndGlobal
